
Microsoft Visual Studio Solution File, Format Version 12.00
# Visual Studio Version 17
VisualStudioVersion = 17.6.33417.168
MinimumVisualStudioVersion = 10.0.40219.1
Project("{FAE04EC0-301F-11D3-BF4B-00C04F79EFBC}") = "MemoryMappedRPC", "MemoryMappedRPC\MemoryMappedRPC.csproj", "{637B2B5E-3DB5-40A3-B44D-7835C155B116}"
EndProject
Project("{FAE04EC0-301F-11D3-BF4B-00C04F79EFBC}") = "ServerTesting", "ServerTesting\ServerTesting.csproj", "{10559D48-5C0B-4678-8C5A-1E16B2BDDCFC}"
EndProject
Project("{FAE04EC0-301F-11D3-BF4B-00C04F79EFBC}") = "ClientTesting", "ClientTesting\ClientTesting.csproj", "{B48D4B1B-1297-4B41-AA9F-A744381B65F6}"
EndProject
Global
	GlobalSection(SolutionConfigurationPlatforms) = preSolution
		Debug|Any CPU = Debug|Any CPU
		Release|Any CPU = Release|Any CPU
	EndGlobalSection
	GlobalSection(ProjectConfigurationPlatforms) = postSolution
		{637B2B5E-3DB5-40A3-B44D-7835C155B116}.Debug|Any CPU.ActiveCfg = Debug|Any CPU
		{637B2B5E-3DB5-40A3-B44D-7835C155B116}.Debug|Any CPU.Build.0 = Debug|Any CPU
		{637B2B5E-3DB5-40A3-B44D-7835C155B116}.Release|Any CPU.ActiveCfg = Release|Any CPU
		{637B2B5E-3DB5-40A3-B44D-7835C155B116}.Release|Any CPU.Build.0 = Release|Any CPU
		{10559D48-5C0B-4678-8C5A-1E16B2BDDCFC}.Debug|Any CPU.ActiveCfg = Debug|Any CPU
		{10559D48-5C0B-4678-8C5A-1E16B2BDDCFC}.Debug|Any CPU.Build.0 = Debug|Any CPU
		{10559D48-5C0B-4678-8C5A-1E16B2BDDCFC}.Release|Any CPU.ActiveCfg = Release|Any CPU
		{10559D48-5C0B-4678-8C5A-1E16B2BDDCFC}.Release|Any CPU.Build.0 = Release|Any CPU
		{B48D4B1B-1297-4B41-AA9F-A744381B65F6}.Debug|Any CPU.ActiveCfg = Debug|Any CPU
		{B48D4B1B-1297-4B41-AA9F-A744381B65F6}.Debug|Any CPU.Build.0 = Debug|Any CPU
		{B48D4B1B-1297-4B41-AA9F-A744381B65F6}.Release|Any CPU.ActiveCfg = Release|Any CPU
		{B48D4B1B-1297-4B41-AA9F-A744381B65F6}.Release|Any CPU.Build.0 = Release|Any CPU
	EndGlobalSection
	GlobalSection(SolutionProperties) = preSolution
		HideSolutionNode = FALSE
	EndGlobalSection
	GlobalSection(ExtensibilityGlobals) = postSolution
		SolutionGuid = {901E8426-1B25-448C-A5A2-0D27050D6FBA}
	EndGlobalSection
EndGlobal
